// !$*UTF8*$!
{
	archiveVersion = 1;
	classes = {
	};
	objectVersion = 50;
	objects = {

/* Begin PBXBuildFile section */
		3B83F9A3212801CC00E508D6 /* AppDelegate.swift in Sources */ = {isa = PBXBuildFile; fileRef = 3B83F9A2212801CC00E508D6 /* AppDelegate.swift */; };
		3B83F9A5212801CC00E508D6 /* ViewController.swift in Sources */ = {isa = PBXBuildFile; fileRef = 3B83F9A4212801CC00E508D6 /* ViewController.swift */; };
		3B83F9A8212801CC00E508D6 /* Main.storyboard in Resources */ = {isa = PBXBuildFile; fileRef = 3B83F9A6212801CC00E508D6 /* Main.storyboard */; };
		3B83F9AA212801CE00E508D6 /* Assets.xcassets in Resources */ = {isa = PBXBuildFile; fileRef = 3B83F9A9212801CE00E508D6 /* Assets.xcassets */; };
		3B83F9AD212801CE00E508D6 /* LaunchScreen.storyboard in Resources */ = {isa = PBXBuildFile; fileRef = 3B83F9AB212801CE00E508D6 /* LaunchScreen.storyboard */; };
		3B83F9B8212801CE00E508D6 /* _________Tests.swift in Sources */ = {isa = PBXBuildFile; fileRef = 3B83F9B7212801CE00E508D6 /* _________Tests.swift */; };
		3B83F9C3212801CE00E508D6 /* _________UITests.swift in Sources */ = {isa = PBXBuildFile; fileRef = 3B83F9C2212801CE00E508D6 /* _________UITests.swift */; };
/* End PBXBuildFile section */

/* Begin PBXContainerItemProxy section */
		3B83F9B4212801CE00E508D6 /* PBXContainerItemProxy */ = {
			isa = PBXContainerItemProxy;
			containerPortal = 3B83F997212801CC00E508D6 /* Project object */;
			proxyType = 1;
			remoteGlobalIDString = 3B83F99E212801CC00E508D6;
			remoteInfo = "かっぱへびせん";
		};
		3B83F9BF212801CE00E508D6 /* PBXContainerItemProxy */ = {
			isa = PBXContainerItemProxy;
			containerPortal = 3B83F997212801CC00E508D6 /* Project object */;
			proxyType = 1;
			remoteGlobalIDString = 3B83F99E212801CC00E508D6;
			remoteInfo = "かっぱへびせん";
		};
/* End PBXContainerItemProxy section */

/* Begin PBXFileReference section */
		3B83F99F212801CC00E508D6 /* かっぱへびせん.app */ = {isa = PBXFileReference; explicitFileType = wrapper.application; includeInIndex = 0; path = "かっぱへびせん.app"; sourceTree = BUILT_PRODUCTS_DIR; };
		3B83F9A2212801CC00E508D6 /* AppDelegate.swift */ = {isa = PBXFileReference; lastKnownFileType = sourcecode.swift; path = AppDelegate.swift; sourceTree = "<group>"; };
		3B83F9A4212801CC00E508D6 /* ViewController.swift */ = {isa = PBXFileReference; lastKnownFileType = sourcecode.swift; path = ViewController.swift; sourceTree = "<group>"; };
		3B83F9A7212801CC00E508D6 /* Base */ = {isa = PBXFileReference; lastKnownFileType = file.storyboard; name = Base; path = Base.lproj/Main.storyboard; sourceTree = "<group>"; };
		3B83F9A9212801CE00E508D6 /* Assets.xcassets */ = {isa = PBXFileReference; lastKnownFileType = folder.assetcatalog; path = Assets.xcassets; sourceTree = "<group>"; };
		3B83F9AC212801CE00E508D6 /* Base */ = {isa = PBXFileReference; lastKnownFileType = file.storyboard; name = Base; path = Base.lproj/LaunchScreen.storyboard; sourceTree = "<group>"; };
		3B83F9AE212801CE00E508D6 /* Info.plist */ = {isa = PBXFileReference; lastKnownFileType = text.plist.xml; path = Info.plist; sourceTree = "<group>"; };
		3B83F9B3212801CE00E508D6 /* かっぱへびせんTests.xctest */ = {isa = PBXFileReference; explicitFileType = wrapper.cfbundle; includeInIndex = 0; path = "かっぱへびせんTests.xctest"; sourceTree = BUILT_PRODUCTS_DIR; };
		3B83F9B7212801CE00E508D6 /* _________Tests.swift */ = {isa = PBXFileReference; lastKnownFileType = sourcecode.swift; path = "_________Tests.swift"; sourceTree = "<group>"; };
		3B83F9B9212801CE00E508D6 /* Info.plist */ = {isa = PBXFileReference; lastKnownFileType = text.plist.xml; path = Info.plist; sourceTree = "<group>"; };
		3B83F9BE212801CE00E508D6 /* かっぱへびせんUITests.xctest */ = {isa = PBXFileReference; explicitFileType = wrapper.cfbundle; includeInIndex = 0; path = "かっぱへびせんUITests.xctest"; sourceTree = BUILT_PRODUCTS_DIR; };
		3B83F9C2212801CE00E508D6 /* _________UITests.swift */ = {isa = PBXFileReference; lastKnownFileType = sourcecode.swift; path = "_________UITests.swift"; sourceTree = "<group>"; };
		3B83F9C4212801CE00E508D6 /* Info.plist */ = {isa = PBXFileReference; lastKnownFileType = text.plist.xml; path = Info.plist; sourceTree = "<group>"; };
/* End PBXFileReference section */

/* Begin PBXFrameworksBuildPhase section */
		3B83F99C212801CC00E508D6 /* Frameworks */ = {
			isa = PBXFrameworksBuildPhase;
			buildActionMask = 2147483647;
			files = (
			);
			runOnlyForDeploymentPostprocessing = 0;
		};
		3B83F9B0212801CE00E508D6 /* Frameworks */ = {
			isa = PBXFrameworksBuildPhase;
			buildActionMask = 2147483647;
			files = (
			);
			runOnlyForDeploymentPostprocessing = 0;
		};
		3B83F9BB212801CE00E508D6 /* Frameworks */ = {
			isa = PBXFrameworksBuildPhase;
			buildActionMask = 2147483647;
			files = (
			);
			runOnlyForDeploymentPostprocessing = 0;
		};
/* End PBXFrameworksBuildPhase section */

/* Begin PBXGroup section */
		3B83F996212801CC00E508D6 = {
			isa = PBXGroup;
			children = (
				3B83F9A1212801CC00E508D6 /* かっぱへびせん */,
				3B83F9B6212801CE00E508D6 /* かっぱへびせんTests */,
				3B83F9C1212801CE00E508D6 /* かっぱへびせんUITests */,
				3B83F9A0212801CC00E508D6 /* Products */,
			);
			sourceTree = "<group>";
		};
		3B83F9A0212801CC00E508D6 /* Products */ = {
			isa = PBXGroup;
			children = (
				3B83F99F212801CC00E508D6 /* かっぱへびせん.app */,
				3B83F9B3212801CE00E508D6 /* かっぱへびせんTests.xctest */,
				3B83F9BE212801CE00E508D6 /* かっぱへびせんUITests.xctest */,
			);
			name = Products;
			sourceTree = "<group>";
		};
		3B83F9A1212801CC00E508D6 /* かっぱへびせん */ = {
			isa = PBXGroup;
			children = (
				3B83F9A2212801CC00E508D6 /* AppDelegate.swift */,
				3B83F9A4212801CC00E508D6 /* ViewController.swift */,
				3B83F9A6212801CC00E508D6 /* Main.storyboard */,
				3B83F9A9212801CE00E508D6 /* Assets.xcassets */,
				3B83F9AB212801CE00E508D6 /* LaunchScreen.storyboard */,
				3B83F9AE212801CE00E508D6 /* Info.plist */,
			);
			path = "かっぱへびせん";
			sourceTree = "<group>";
		};
		3B83F9B6212801CE00E508D6 /* かっぱへびせんTests */ = {
			isa = PBXGroup;
			children = (
				3B83F9B7212801CE00E508D6 /* _________Tests.swift */,
				3B83F9B9212801CE00E508D6 /* Info.plist */,
			);
			path = "かっぱへびせんTests";
			sourceTree = "<group>";
		};
		3B83F9C1212801CE00E508D6 /* かっぱへびせんUITests */ = {
			isa = PBXGroup;
			children = (
				3B83F9C2212801CE00E508D6 /* _________UITests.swift */,
				3B83F9C4212801CE00E508D6 /* Info.plist */,
			);
			path = "かっぱへびせんUITests";
			sourceTree = "<group>";
		};
/* End PBXGroup section */

/* Begin PBXNativeTarget section */
		3B83F99E212801CC00E508D6 /* かっぱへびせん */ = {
			isa = PBXNativeTarget;
			buildConfigurationList = 3B83F9C7212801CE00E508D6 /* Build configuration list for PBXNativeTarget "かっぱへびせん" */;
			buildPhases = (
				3B83F99B212801CC00E508D6 /* Sources */,
				3B83F99C212801CC00E508D6 /* Frameworks */,
				3B83F99D212801CC00E508D6 /* Resources */,
			);
			buildRules = (
			);
			dependencies = (
			);
			name = "かっぱへびせん";
			productName = "かっぱへびせん";
			productReference = 3B83F99F212801CC00E508D6 /* かっぱへびせん.app */;
			productType = "com.apple.product-type.application";
		};
		3B83F9B2212801CE00E508D6 /* かっぱへびせんTests */ = {
			isa = PBXNativeTarget;
			buildConfigurationList = 3B83F9CA212801CE00E508D6 /* Build configuration list for PBXNativeTarget "かっぱへびせんTests" */;
			buildPhases = (
				3B83F9AF212801CE00E508D6 /* Sources */,
				3B83F9B0212801CE00E508D6 /* Frameworks */,
				3B83F9B1212801CE00E508D6 /* Resources */,
			);
			buildRules = (
			);
			dependencies = (
				3B83F9B5212801CE00E508D6 /* PBXTargetDependency */,
			);
			name = "かっぱへびせんTests";
			productName = "かっぱへびせんTests";
			productReference = 3B83F9B3212801CE00E508D6 /* かっぱへびせんTests.xctest */;
			productType = "com.apple.product-type.bundle.unit-test";
		};
		3B83F9BD212801CE00E508D6 /* かっぱへびせんUITests */ = {
			isa = PBXNativeTarget;
			buildConfigurationList = 3B83F9CD212801CE00E508D6 /* Build configuration list for PBXNativeTarget "かっぱへびせんUITests" */;
			buildPhases = (
				3B83F9BA212801CE00E508D6 /* Sources */,
				3B83F9BB212801CE00E508D6 /* Frameworks */,
				3B83F9BC212801CE00E508D6 /* Resources */,
			);
			buildRules = (
			);
			dependencies = (
				3B83F9C0212801CE00E508D6 /* PBXTargetDependency */,
			);
			name = "かっぱへびせんUITests";
			productName = "かっぱへびせんUITests";
			productReference = 3B83F9BE212801CE00E508D6 /* かっぱへびせんUITests.xctest */;
			productType = "com.apple.product-type.bundle.ui-testing";
		};
/* End PBXNativeTarget section */

/* Begin PBXProject section */
		3B83F997212801CC00E508D6 /* Project object */ = {
			isa = PBXProject;
			attributes = {
				LastSwiftUpdateCheck = 0940;
				LastUpgradeCheck = 0940;
				ORGANIZATIONNAME = "村田彩";
				TargetAttributes = {
					3B83F99E212801CC00E508D6 = {
						CreatedOnToolsVersion = 9.4.1;
					};
					3B83F9B2212801CE00E508D6 = {
						CreatedOnToolsVersion = 9.4.1;
						TestTargetID = 3B83F99E212801CC00E508D6;
					};
					3B83F9BD212801CE00E508D6 = {
						CreatedOnToolsVersion = 9.4.1;
						TestTargetID = 3B83F99E212801CC00E508D6;
					};
				};
			};
			buildConfigurationList = 3B83F99A212801CC00E508D6 /* Build configuration list for PBXProject "かっぱへびせん" */;
			compatibilityVersion = "Xcode 9.3";
			developmentRegion = en;
			hasScannedForEncodings = 0;
			knownRegions = (
				en,
				Base,
			);
			mainGroup = 3B83F996212801CC00E508D6;
			productRefGroup = 3B83F9A0212801CC00E508D6 /* Products */;
			projectDirPath = "";
			projectRoot = "";
			targets = (
				3B83F99E212801CC00E508D6 /* かっぱへびせん */,
				3B83F9B2212801CE00E508D6 /* かっぱへびせんTests */,
				3B83F9BD212801CE00E508D6 /* かっぱへびせんUITests */,
			);
		};
/* End PBXProject section */

/* Begin PBXResourcesBuildPhase section */
		3B83F99D212801CC00E508D6 /* Resources */ = {
			isa = PBXResourcesBuildPhase;
			buildActionMask = 2147483647;
			files = (
				3B83F9AD212801CE00E508D6 /* LaunchScreen.storyboard in Resources */,
				3B83F9AA212801CE00E508D6 /* Assets.xcassets in Resources */,
				3B83F9A8212801CC00E508D6 /* Main.storyboard in Resources */,
			);
			runOnlyForDeploymentPostprocessing = 0;
		};
		3B83F9B1212801CE00E508D6 /* Resources */ = {
			isa = PBXResourcesBuildPhase;
			buildActionMask = 2147483647;
			files = (
			);
			runOnlyForDeploymentPostprocessing = 0;
		};
		3B83F9BC212801CE00E508D6 /* Resources */ = {
			isa = PBXResourcesBuildPhase;
			buildActionMask = 2147483647;
			files = (
			);
			runOnlyForDeploymentPostprocessing = 0;
		};
/* End PBXResourcesBuildPhase section */

/* Begin PBXSourcesBuildPhase section */
		3B83F99B212801CC00E508D6 /* Sources */ = {
			isa = PBXSourcesBuildPhase;
			buildActionMask = 2147483647;
			files = (
				3B83F9A5212801CC00E508D6 /* ViewController.swift in Sources */,
				3B83F9A3212801CC00E508D6 /* AppDelegate.swift in Sources */,
			);
			runOnlyForDeploymentPostprocessing = 0;
		};
		3B83F9AF212801CE00E508D6 /* Sources */ = {
			isa = PBXSourcesBuildPhase;
			buildActionMask = 2147483647;
			files = (
				3B83F9B8212801CE00E508D6 /* _________Tests.swift in Sources */,
			);
			runOnlyForDeploymentPostprocessing = 0;
		};
		3B83F9BA212801CE00E508D6 /* Sources */ = {
			isa = PBXSourcesBuildPhase;
			buildActionMask = 2147483647;
			files = (
				3B83F9C3212801CE00E508D6 /* _________UITests.swift in Sources */,
			);
			runOnlyForDeploymentPostprocessing = 0;
		};
/* End PBXSourcesBuildPhase section */

/* Begin PBXTargetDependency section */
		3B83F9B5212801CE00E508D6 /* PBXTargetDependency */ = {
			isa = PBXTargetDependency;
			target = 3B83F99E212801CC00E508D6 /* かっぱへびせん */;
			targetProxy = 3B83F9B4212801CE00E508D6 /* PBXContainerItemProxy */;
		};
		3B83F9C0212801CE00E508D6 /* PBXTargetDependency */ = {
			isa = PBXTargetDependency;
			target = 3B83F99E212801CC00E508D6 /* かっぱへびせん */;
			targetProxy = 3B83F9BF212801CE00E508D6 /* PBXContainerItemProxy */;
		};
/* End PBXTargetDependency section */

/* Begin PBXVariantGroup section */
		3B83F9A6212801CC00E508D6 /* Main.storyboard */ = {
			isa = PBXVariantGroup;
			children = (
				3B83F9A7212801CC00E508D6 /* Base */,
			);
			name = Main.storyboard;
			sourceTree = "<group>";
		};
		3B83F9AB212801CE00E508D6 /* LaunchScreen.storyboard */ = {
			isa = PBXVariantGroup;
			children = (
				3B83F9AC212801CE00E508D6 /* Base */,
			);
			name = LaunchScreen.storyboard;
			sourceTree = "<group>";
		};
/* End PBXVariantGroup section */

/* Begin XCBuildConfiguration section */
		3B83F9C5212801CE00E508D6 /* Debug */ = {
			isa = XCBuildConfiguration;
			buildSettings = {
				ALWAYS_SEARCH_USER_PATHS = NO;
				CLANG_ANALYZER_NONNULL = YES;
				CLANG_ANALYZER_NUMBER_OBJECT_CONVERSION = YES_AGGRESSIVE;
				CLANG_CXX_LANGUAGE_STANDARD = "gnu++14";
				CLANG_CXX_LIBRARY = "libc++";
				CLANG_ENABLE_MODULES = YES;
				CLANG_ENABLE_OBJC_ARC = YES;
				CLANG_ENABLE_OBJC_WEAK = YES;
				CLANG_WARN_BLOCK_CAPTURE_AUTORELEASING = YES;
				CLANG_WARN_BOOL_CONVERSION = YES;
				CLANG_WARN_COMMA = YES;
				CLANG_WARN_CONSTANT_CONVERSION = YES;
				CLANG_WARN_DEPRECATED_OBJC_IMPLEMENTATIONS = YES;
				CLANG_WARN_DIRECT_OBJC_ISA_USAGE = YES_ERROR;
				CLANG_WARN_DOCUMENTATION_COMMENTS = YES;
				CLANG_WARN_EMPTY_BODY = YES;
				CLANG_WARN_ENUM_CONVERSION = YES;
				CLANG_WARN_INFINITE_RECURSION = YES;
				CLANG_WARN_INT_CONVERSION = YES;
				CLANG_WARN_NON_LITERAL_NULL_CONVERSION = YES;
				CLANG_WARN_OBJC_IMPLICIT_RETAIN_SELF = YES;
				CLANG_WARN_OBJC_LITERAL_CONVERSION = YES;
				CLANG_WARN_OBJC_ROOT_CLASS = YES_ERROR;
				CLANG_WARN_RANGE_LOOP_ANALYSIS = YES;
				CLANG_WARN_STRICT_PROTOTYPES = YES;
				CLANG_WARN_SUSPICIOUS_MOVE = YES;
				CLANG_WARN_UNGUARDED_AVAILABILITY = YES_AGGRESSIVE;
				CLANG_WARN_UNREACHABLE_CODE = YES;
				CLANG_WARN__DUPLICATE_METHOD_MATCH = YES;
				CODE_SIGN_IDENTITY = "iPhone Developer";
				COPY_PHASE_STRIP = NO;
				DEBUG_INFORMATION_FORMAT = dwarf;
				ENABLE_STRICT_OBJC_MSGSEND = YES;
				ENABLE_TESTABILITY = YES;
				GCC_C_LANGUAGE_STANDARD = gnu11;
				GCC_DYNAMIC_NO_PIC = NO;
				GCC_NO_COMMON_BLOCKS = YES;
				GCC_OPTIMIZATION_LEVEL = 0;
				GCC_PREPROCESSOR_DEFINITIONS = (
					"DEBUG=1",
					"$(inherited)",
				);
				GCC_WARN_64_TO_32_BIT_CONVERSION = YES;
				GCC_WARN_ABOUT_RETURN_TYPE = YES_ERROR;
				GCC_WARN_UNDECLARED_SELECTOR = YES;
				GCC_WARN_UNINITIALIZED_AUTOS = YES_AGGRESSIVE;
				GCC_WARN_UNUSED_FUNCTION = YES;
				GCC_WARN_UNUSED_VARIABLE = YES;
				IPHONEOS_DEPLOYMENT_TARGET = 11.4;
				MTL_ENABLE_DEBUG_INFO = YES;
				ONLY_ACTIVE_ARCH = YES;
				SDKROOT = iphoneos;
				SWIFT_ACTIVE_COMPILATION_CONDITIONS = DEBUG;
				SWIFT_OPTIMIZATION_LEVEL = "-Onone";
			};
			name = Debug;
		};
		3B83F9C6212801CE00E508D6 /* Release */ = {
			isa = XCBuildConfiguration;
			buildSettings = {
				ALWAYS_SEARCH_USER_PATHS = NO;
				CLANG_ANALYZER_NONNULL = YES;
				CLANG_ANALYZER_NUMBER_OBJECT_CONVERSION = YES_AGGRESSIVE;
				CLANG_CXX_LANGUAGE_STANDARD = "gnu++14";
				CLANG_CXX_LIBRARY = "libc++";
				CLANG_ENABLE_MODULES = YES;
				CLANG_ENABLE_OBJC_ARC = YES;
				CLANG_ENABLE_OBJC_WEAK = YES;
				CLANG_WARN_BLOCK_CAPTURE_AUTORELEASING = YES;
				CLANG_WARN_BOOL_CONVERSION = YES;
				CLANG_WARN_COMMA = YES;
				CLANG_WARN_CONSTANT_CONVERSION = YES;
				CLANG_WARN_DEPRECATED_OBJC_IMPLEMENTATIONS = YES;
				CLANG_WARN_DIRECT_OBJC_ISA_USAGE = YES_ERROR;
				CLANG_WARN_DOCUMENTATION_COMMENTS = YES;
				CLANG_WARN_EMPTY_BODY = YES;
				CLANG_WARN_ENUM_CONVERSION = YES;
				CLANG_WARN_INFINITE_RECURSION = YES;
				CLANG_WARN_INT_CONVERSION = YES;
				CLANG_WARN_NON_LITERAL_NULL_CONVERSION = YES;
				CLANG_WARN_OBJC_IMPLICIT_RETAIN_SELF = YES;
				CLANG_WARN_OBJC_LITERAL_CONVERSION = YES;
				CLANG_WARN_OBJC_ROOT_CLASS = YES_ERROR;
				CLANG_WARN_RANGE_LOOP_ANALYSIS = YES;
				CLANG_WARN_STRICT_PROTOTYPES = YES;
				CLANG_WARN_SUSPICIOUS_MOVE = YES;
				CLANG_WARN_UNGUARDED_AVAILABILITY = YES_AGGRESSIVE;
				CLANG_WARN_UNREACHABLE_CODE = YES;
				CLANG_WARN__DUPLICATE_METHOD_MATCH = YES;
				CODE_SIGN_IDENTITY = "iPhone Developer";
				COPY_PHASE_STRIP = NO;
				DEBUG_INFORMATION_FORMAT = "dwarf-with-dsym";
				ENABLE_NS_ASSERTIONS = NO;
				ENABLE_STRICT_OBJC_MSGSEND = YES;
				GCC_C_LANGUAGE_STANDARD = gnu11;
				GCC_NO_COMMON_BLOCKS = YES;
				GCC_WARN_64_TO_32_BIT_CONVERSION = YES;
				GCC_WARN_ABOUT_RETURN_TYPE = YES_ERROR;
				GCC_WARN_UNDECLARED_SELECTOR = YES;
				GCC_WARN_UNINITIALIZED_AUTOS = YES_AGGRESSIVE;
				GCC_WARN_UNUSED_FUNCTION = YES;
				GCC_WARN_UNUSED_VARIABLE = YES;
				IPHONEOS_DEPLOYMENT_TARGET = 11.4;
				MTL_ENABLE_DEBUG_INFO = NO;
				SDKROOT = iphoneos;
				SWIFT_COMPILATION_MODE = wholemodule;
				SWIFT_OPTIMIZATION_LEVEL = "-O";
				VALIDATE_PRODUCT = YES;
			};
			name = Release;
		};
		3B83F9C8212801CE00E508D6 /* Debug */ = {
			isa = XCBuildConfiguration;
			buildSettings = {
				ASSETCATALOG_COMPILER_APPICON_NAME = AppIcon;
				CODE_SIGN_STYLE = Automatic;
				INFOPLIST_FILE = "かっぱへびせん/Info.plist";
				LD_RUNPATH_SEARCH_PATHS = (
					"$(inherited)",
					"@executable_path/Frameworks",
				);
				PRODUCT_BUNDLE_IDENTIFIER = "AYAMURATA093.---------";
				PRODUCT_NAME = "$(TARGET_NAME)";
				SWIFT_VERSION = 4.0;
				TARGETED_DEVICE_FAMILY = "1,2";
			};
			name = Debug;
		};
		3B83F9C9212801CE00E508D6 /* Release */ = {
			isa = XCBuildConfiguration;
			buildSettings = {
				ASSETCATALOG_COMPILER_APPICON_NAME = AppIcon;
				CODE_SIGN_STYLE = Automatic;
				INFOPLIST_FILE = "かっぱへびせん/Info.plist";
				LD_RUNPATH_SEARCH_PATHS = (
					"$(inherited)",
					"@executable_path/Frameworks",
				);
				PRODUCT_BUNDLE_IDENTIFIER = "AYAMURATA093.---------";
				PRODUCT_NAME = "$(TARGET_NAME)";
				SWIFT_VERSION = 4.0;
				TARGETED_DEVICE_FAMILY = "1,2";
			};
			name = Release;
		};
		3B83F9CB212801CE00E508D6 /* Debug */ = {
			isa = XCBuildConfiguration;
			buildSettings = {
				ALWAYS_EMBED_SWIFT_STANDARD_LIBRARIES = YES;
				BUNDLE_LOADER = "$(TEST_HOST)";
				CODE_SIGN_STYLE = Automatic;
				INFOPLIST_FILE = "かっぱへびせんTests/Info.plist";
				LD_RUNPATH_SEARCH_PATHS = (
					"$(inherited)",
					"@executable_path/Frameworks",
					"@loader_path/Frameworks",
				);
				PRODUCT_BUNDLE_IDENTIFIER = "AYAMURATA093.---------Tests";
				PRODUCT_NAME = "$(TARGET_NAME)";
				SWIFT_VERSION = 4.0;
				TARGETED_DEVICE_FAMILY = "1,2";
				TEST_HOST = "$(BUILT_PRODUCTS_DIR)/かっぱへびせん.app/かっぱへびせん";
			};
			name = Debug;
		};
		3B83F9CC212801CE00E508D6 /* Release */ = {
			isa = XCBuildConfiguration;
			buildSettings = {
				ALWAYS_EMBED_SWIFT_STANDARD_LIBRARIES = YES;
				BUNDLE_LOADER = "$(TEST_HOST)";
				CODE_SIGN_STYLE = Automatic;
				INFOPLIST_FILE = "かっぱへびせんTests/Info.plist";
				LD_RUNPATH_SEARCH_PATHS = (
					"$(inherited)",
					"@executable_path/Frameworks",
					"@loader_path/Frameworks",
				);
				PRODUCT_BUNDLE_IDENTIFIER = "AYAMURATA093.---------Tests";
				PRODUCT_NAME = "$(TARGET_NAME)";
				SWIFT_VERSION = 4.0;
				TARGETED_DEVICE_FAMILY = "1,2";
				TEST_HOST = "$(BUILT_PRODUCTS_DIR)/かっぱへびせん.app/かっぱへびせん";
			};
			name = Release;
		};
		3B83F9CE212801CE00E508D6 /* Debug */ = {
			isa = XCBuildConfiguration;
			buildSettings = {
				ALWAYS_EMBED_SWIFT_STANDARD_LIBRARIES = YES;
				CODE_SIGN_STYLE = Automatic;
				INFOPLIST_FILE = "かっぱへびせんUITests/Info.plist";
				LD_RUNPATH_SEARCH_PATHS = (
					"$(inherited)",
					"@executable_path/Frameworks",
					"@loader_path/Frameworks",
				);
				PRODUCT_BUNDLE_IDENTIFIER = "AYAMURATA093.---------UITests";
				PRODUCT_NAME = "$(TARGET_NAME)";
				SWIFT_VERSION = 4.0;
				TARGETED_DEVICE_FAMILY = "1,2";
				TEST_TARGET_NAME = "かっぱへびせん";
			};
			name = Debug;
		};
		3B83F9CF212801CE00E508D6 /* Release */ = {
			isa = XCBuildConfiguration;
			buildSettings = {
				ALWAYS_EMBED_SWIFT_STANDARD_LIBRARIES = YES;
				CODE_SIGN_STYLE = Automatic;
				INFOPLIST_FILE = "かっぱへびせんUITests/Info.plist";
				LD_RUNPATH_SEARCH_PATHS = (
					"$(inherited)",
					"@executable_path/Frameworks",
					"@loader_path/Frameworks",
				);
				PRODUCT_BUNDLE_IDENTIFIER = "AYAMURATA093.---------UITests";
				PRODUCT_NAME = "$(TARGET_NAME)";
				SWIFT_VERSION = 4.0;
				TARGETED_DEVICE_FAMILY = "1,2";
				TEST_TARGET_NAME = "かっぱへびせん";
			};
			name = Release;
		};
/* End XCBuildConfiguration section */

/* Begin XCConfigurationList section */
		3B83F99A212801CC00E508D6 /* Build configuration list for PBXProject "かっぱへびせん" */ = {
			isa = XCConfigurationList;
			buildConfigurations = (
				3B83F9C5212801CE00E508D6 /* Debug */,
				3B83F9C6212801CE00E508D6 /* Release */,
			);
			defaultConfigurationIsVisible = 0;
			defaultConfigurationName = Release;
		};
		3B83F9C7212801CE00E508D6 /* Build configuration list for PBXNativeTarget "かっぱへびせん" */ = {
			isa = XCConfigurationList;
			buildConfigurations = (
				3B83F9C8212801CE00E508D6 /* Debug */,
				3B83F9C9212801CE00E508D6 /* Release */,
			);
			defaultConfigurationIsVisible = 0;
			defaultConfigurationName = Release;
		};
		3B83F9CA212801CE00E508D6 /* Build configuration list for PBXNativeTarget "かっぱへびせんTests" */ = {
			isa = XCConfigurationList;
			buildConfigurations = (
				3B83F9CB212801CE00E508D6 /* Debug */,
				3B83F9CC212801CE00E508D6 /* Release */,
			);
			defaultConfigurationIsVisible = 0;
			defaultConfigurationName = Release;
		};
		3B83F9CD212801CE00E508D6 /* Build configuration list for PBXNativeTarget "かっぱへびせんUITests" */ = {
			isa = XCConfigurationList;
			buildConfigurations = (
				3B83F9CE212801CE00E508D6 /* Debug */,
				3B83F9CF212801CE00E508D6 /* Release */,
			);
			defaultConfigurationIsVisible = 0;
			defaultConfigurationName = Release;
		};
/* End XCConfigurationList section */
	};
	rootObject = 3B83F997212801CC00E508D6 /* Project object */;
}
